
Microsoft Visual Studio Solution File, Format Version 12.00
# Visual Studio Version 16
VisualStudioVersion = 16.0.32901.82
MinimumVisualStudioVersion = 10.0.40219.1
Project("{FAE04EC0-301F-11D3-BF4B-00C04F79EFBC}") = "APIs", "APIs\APIs.csproj", "{C724105F-FEB4-4E04-8AF9-1845E0475D87}"
EndProject
Project("{FAE04EC0-301F-11D3-BF4B-00C04F79EFBC}") = "Data", "Data\Data.csproj", "{D2EA34BF-ACCF-43AC-8743-F2FA01330D63}"
EndProject
Project("{FAE04EC0-301F-11D3-BF4B-00C04F79EFBC}") = "Business", "Business\Business.csproj", "{C055D63C-2DAD-410B-864D-78CED31D7300}"
EndProject
Project("{FAE04EC0-301F-11D3-BF4B-00C04F79EFBC}") = "Model", "Model\Model.csproj", "{D4EF6F1B-438E-4DB1-A9D8-5940FEC5E352}"
EndProject
Global
	GlobalSection(SolutionConfigurationPlatforms) = preSolution
		Debug|Any CPU = Debug|Any CPU
		Release|Any CPU = Release|Any CPU
	EndGlobalSection
	GlobalSection(ProjectConfigurationPlatforms) = postSolution
		{C724105F-FEB4-4E04-8AF9-1845E0475D87}.Debug|Any CPU.ActiveCfg = Debug|Any CPU
		{C724105F-FEB4-4E04-8AF9-1845E0475D87}.Debug|Any CPU.Build.0 = Debug|Any CPU
		{C724105F-FEB4-4E04-8AF9-1845E0475D87}.Release|Any CPU.ActiveCfg = Release|Any CPU
		{C724105F-FEB4-4E04-8AF9-1845E0475D87}.Release|Any CPU.Build.0 = Release|Any CPU
		{D2EA34BF-ACCF-43AC-8743-F2FA01330D63}.Debug|Any CPU.ActiveCfg = Debug|Any CPU
		{D2EA34BF-ACCF-43AC-8743-F2FA01330D63}.Debug|Any CPU.Build.0 = Debug|Any CPU
		{D2EA34BF-ACCF-43AC-8743-F2FA01330D63}.Release|Any CPU.ActiveCfg = Release|Any CPU
		{D2EA34BF-ACCF-43AC-8743-F2FA01330D63}.Release|Any CPU.Build.0 = Release|Any CPU
		{C055D63C-2DAD-410B-864D-78CED31D7300}.Debug|Any CPU.ActiveCfg = Debug|Any CPU
		{C055D63C-2DAD-410B-864D-78CED31D7300}.Debug|Any CPU.Build.0 = Debug|Any CPU
		{C055D63C-2DAD-410B-864D-78CED31D7300}.Release|Any CPU.ActiveCfg = Release|Any CPU
		{C055D63C-2DAD-410B-864D-78CED31D7300}.Release|Any CPU.Build.0 = Release|Any CPU
		{D4EF6F1B-438E-4DB1-A9D8-5940FEC5E352}.Debug|Any CPU.ActiveCfg = Debug|Any CPU
		{D4EF6F1B-438E-4DB1-A9D8-5940FEC5E352}.Debug|Any CPU.Build.0 = Debug|Any CPU
		{D4EF6F1B-438E-4DB1-A9D8-5940FEC5E352}.Release|Any CPU.ActiveCfg = Release|Any CPU
		{D4EF6F1B-438E-4DB1-A9D8-5940FEC5E352}.Release|Any CPU.Build.0 = Release|Any CPU
	EndGlobalSection
	GlobalSection(SolutionProperties) = preSolution
		HideSolutionNode = FALSE
	EndGlobalSection
	GlobalSection(ExtensibilityGlobals) = postSolution
		SolutionGuid = {A680DCA8-8D06-419B-A675-FA860D7C4D3F}
	EndGlobalSection
EndGlobal
